
Microsoft Visual Studio Solution File, Format Version 12.00
Project("{FAE04EC0-301F-11D3-BF4B-00C04F79EFBC}") = "Api", "src\Api\Api.csproj", "{7EC714F8-1D76-4CDF-8600-0E420EEC945C}"
EndProject
Project("{2150E333-8FDC-42A3-9474-1A3956D46DE8}") = "Solution Items", "Solution Items", "{CDA54601-0118-490B-A23A-658CE6F412E5}"
	ProjectSection(SolutionItems) = preProject
		docker-compose.yml = docker-compose.yml
		Dockerfile = Dockerfile
		src\.dockerignore = src\.dockerignore
	EndProjectSection
EndProject
Project("{2150E333-8FDC-42A3-9474-1A3956D46DE8}") = "src", "src", "{DD36E152-ABCA-4F1F-863D-216C29D3304F}"
EndProject
Global
	GlobalSection(SolutionConfigurationPlatforms) = preSolution
		Debug|Any CPU = Debug|Any CPU
		Release|Any CPU = Release|Any CPU
	EndGlobalSection
	GlobalSection(ProjectConfigurationPlatforms) = postSolution
		{7EC714F8-1D76-4CDF-8600-0E420EEC945C}.Debug|Any CPU.ActiveCfg = Debug|Any CPU
		{7EC714F8-1D76-4CDF-8600-0E420EEC945C}.Debug|Any CPU.Build.0 = Debug|Any CPU
		{7EC714F8-1D76-4CDF-8600-0E420EEC945C}.Release|Any CPU.ActiveCfg = Release|Any CPU
		{7EC714F8-1D76-4CDF-8600-0E420EEC945C}.Release|Any CPU.Build.0 = Release|Any CPU
	EndGlobalSection
	GlobalSection(NestedProjects) = preSolution
		{7EC714F8-1D76-4CDF-8600-0E420EEC945C} = {DD36E152-ABCA-4F1F-863D-216C29D3304F}
	EndGlobalSection
EndGlobal
