
Microsoft Visual Studio Solution File, Format Version 12.00
Project("{2150E333-8FDC-42A3-9474-1A3956D46DE8}") = "Solution Items", "Solution Items", "{CDA54601-0118-490B-A23A-658CE6F412E5}"
	ProjectSection(SolutionItems) = preProject
		docker-compose.yml = docker-compose.yml
		Dockerfile = Dockerfile
		.dockerignore = .dockerignore
		.env = .env
		.gitignore = .gitignore
	EndProjectSection
EndProject
Project("{2150E333-8FDC-42A3-9474-1A3956D46DE8}") = "src", "src", "{DD36E152-ABCA-4F1F-863D-216C29D3304F}"
EndProject
Project("{FAE04EC0-301F-11D3-BF4B-00C04F79EFBC}") = "Domain", "src\Domain\Domain.csproj", "{43606BBB-E20C-4A91-9A5C-940CB55213C8}"
EndProject
Project("{2150E333-8FDC-42A3-9474-1A3956D46DE8}") = "test", "test", "{CF0A1114-96BA-4A63-ABED-A4EC44F01067}"
EndProject
Project("{FAE04EC0-301F-11D3-BF4B-00C04F79EFBC}") = "Test.Domain", "test\Test.Domain\Test.Domain.csproj", "{A58C1C96-1A8E-4960-964B-D73D6441F77B}"
EndProject
Project("{FAE04EC0-301F-11D3-BF4B-00C04F79EFBC}") = "Application", "src\Application\Application.csproj", "{348AA6DC-7EB0-449C-BBCA-F346079D98C1}"
EndProject
Project("{FAE04EC0-301F-11D3-BF4B-00C04F79EFBC}") = "Infrastructure", "src\Infrastructure\Infrastructure.csproj", "{CFF8CFED-F07E-4187-9CBD-A12A74B29F48}"
EndProject
Project("{FAE04EC0-301F-11D3-BF4B-00C04F79EFBC}") = "Presentation", "src\Presentation\Presentation.csproj", "{8B5696AF-1998-4E4D-8702-571C835E8822}"
EndProject
Project("{FAE04EC0-301F-11D3-BF4B-00C04F79EFBC}") = "Test.Application", "test\Test.Application\Test.Application.csproj", "{8C588F23-E215-49FA-B3D7-9532D51ED1E8}"
EndProject
Project("{FAE04EC0-301F-11D3-BF4B-00C04F79EFBC}") = "Test.Infrastructure", "test\Test.Infrastructure\Test.Infrastructure.csproj", "{EC5A27F7-2162-4647-9ACF-7C58835DF630}"
EndProject
Project("{FAE04EC0-301F-11D3-BF4B-00C04F79EFBC}") = "Client", "src\Client\Client.csproj", "{7626D1FF-536D-4C1C-B00A-80DFCCA19C63}"
EndProject
Project("{FAE04EC0-301F-11D3-BF4B-00C04F79EFBC}") = "Test.Architecture", "test\Test.Architecture\Test.Architecture.csproj", "{D1159A49-0DE6-49C4-98C7-174F4071FFD8}"
EndProject
Global
	GlobalSection(SolutionConfigurationPlatforms) = preSolution
		Debug|Any CPU = Debug|Any CPU
		Release|Any CPU = Release|Any CPU
	EndGlobalSection
	GlobalSection(ProjectConfigurationPlatforms) = postSolution
		{43606BBB-E20C-4A91-9A5C-940CB55213C8}.Debug|Any CPU.ActiveCfg = Debug|Any CPU
		{43606BBB-E20C-4A91-9A5C-940CB55213C8}.Debug|Any CPU.Build.0 = Debug|Any CPU
		{43606BBB-E20C-4A91-9A5C-940CB55213C8}.Release|Any CPU.ActiveCfg = Release|Any CPU
		{43606BBB-E20C-4A91-9A5C-940CB55213C8}.Release|Any CPU.Build.0 = Release|Any CPU
		{A58C1C96-1A8E-4960-964B-D73D6441F77B}.Debug|Any CPU.ActiveCfg = Debug|Any CPU
		{A58C1C96-1A8E-4960-964B-D73D6441F77B}.Debug|Any CPU.Build.0 = Debug|Any CPU
		{A58C1C96-1A8E-4960-964B-D73D6441F77B}.Release|Any CPU.ActiveCfg = Release|Any CPU
		{A58C1C96-1A8E-4960-964B-D73D6441F77B}.Release|Any CPU.Build.0 = Release|Any CPU
		{348AA6DC-7EB0-449C-BBCA-F346079D98C1}.Debug|Any CPU.ActiveCfg = Debug|Any CPU
		{348AA6DC-7EB0-449C-BBCA-F346079D98C1}.Debug|Any CPU.Build.0 = Debug|Any CPU
		{348AA6DC-7EB0-449C-BBCA-F346079D98C1}.Release|Any CPU.ActiveCfg = Release|Any CPU
		{348AA6DC-7EB0-449C-BBCA-F346079D98C1}.Release|Any CPU.Build.0 = Release|Any CPU
		{CFF8CFED-F07E-4187-9CBD-A12A74B29F48}.Debug|Any CPU.ActiveCfg = Debug|Any CPU
		{CFF8CFED-F07E-4187-9CBD-A12A74B29F48}.Debug|Any CPU.Build.0 = Debug|Any CPU
		{CFF8CFED-F07E-4187-9CBD-A12A74B29F48}.Release|Any CPU.ActiveCfg = Release|Any CPU
		{CFF8CFED-F07E-4187-9CBD-A12A74B29F48}.Release|Any CPU.Build.0 = Release|Any CPU
		{8B5696AF-1998-4E4D-8702-571C835E8822}.Debug|Any CPU.ActiveCfg = Debug|Any CPU
		{8B5696AF-1998-4E4D-8702-571C835E8822}.Debug|Any CPU.Build.0 = Debug|Any CPU
		{8B5696AF-1998-4E4D-8702-571C835E8822}.Release|Any CPU.ActiveCfg = Release|Any CPU
		{8B5696AF-1998-4E4D-8702-571C835E8822}.Release|Any CPU.Build.0 = Release|Any CPU
		{8C588F23-E215-49FA-B3D7-9532D51ED1E8}.Debug|Any CPU.ActiveCfg = Debug|Any CPU
		{8C588F23-E215-49FA-B3D7-9532D51ED1E8}.Debug|Any CPU.Build.0 = Debug|Any CPU
		{8C588F23-E215-49FA-B3D7-9532D51ED1E8}.Release|Any CPU.ActiveCfg = Release|Any CPU
		{8C588F23-E215-49FA-B3D7-9532D51ED1E8}.Release|Any CPU.Build.0 = Release|Any CPU
		{EC5A27F7-2162-4647-9ACF-7C58835DF630}.Debug|Any CPU.ActiveCfg = Debug|Any CPU
		{EC5A27F7-2162-4647-9ACF-7C58835DF630}.Debug|Any CPU.Build.0 = Debug|Any CPU
		{EC5A27F7-2162-4647-9ACF-7C58835DF630}.Release|Any CPU.ActiveCfg = Release|Any CPU
		{EC5A27F7-2162-4647-9ACF-7C58835DF630}.Release|Any CPU.Build.0 = Release|Any CPU
		{7626D1FF-536D-4C1C-B00A-80DFCCA19C63}.Debug|Any CPU.ActiveCfg = Debug|Any CPU
		{7626D1FF-536D-4C1C-B00A-80DFCCA19C63}.Debug|Any CPU.Build.0 = Debug|Any CPU
		{7626D1FF-536D-4C1C-B00A-80DFCCA19C63}.Release|Any CPU.ActiveCfg = Release|Any CPU
		{7626D1FF-536D-4C1C-B00A-80DFCCA19C63}.Release|Any CPU.Build.0 = Release|Any CPU
		{D1159A49-0DE6-49C4-98C7-174F4071FFD8}.Debug|Any CPU.ActiveCfg = Debug|Any CPU
		{D1159A49-0DE6-49C4-98C7-174F4071FFD8}.Debug|Any CPU.Build.0 = Debug|Any CPU
		{D1159A49-0DE6-49C4-98C7-174F4071FFD8}.Release|Any CPU.ActiveCfg = Release|Any CPU
		{D1159A49-0DE6-49C4-98C7-174F4071FFD8}.Release|Any CPU.Build.0 = Release|Any CPU
	EndGlobalSection
	GlobalSection(NestedProjects) = preSolution
		{43606BBB-E20C-4A91-9A5C-940CB55213C8} = {DD36E152-ABCA-4F1F-863D-216C29D3304F}
		{A58C1C96-1A8E-4960-964B-D73D6441F77B} = {CF0A1114-96BA-4A63-ABED-A4EC44F01067}
		{348AA6DC-7EB0-449C-BBCA-F346079D98C1} = {DD36E152-ABCA-4F1F-863D-216C29D3304F}
		{CFF8CFED-F07E-4187-9CBD-A12A74B29F48} = {DD36E152-ABCA-4F1F-863D-216C29D3304F}
		{8B5696AF-1998-4E4D-8702-571C835E8822} = {DD36E152-ABCA-4F1F-863D-216C29D3304F}
		{8C588F23-E215-49FA-B3D7-9532D51ED1E8} = {CF0A1114-96BA-4A63-ABED-A4EC44F01067}
		{EC5A27F7-2162-4647-9ACF-7C58835DF630} = {CF0A1114-96BA-4A63-ABED-A4EC44F01067}
		{7626D1FF-536D-4C1C-B00A-80DFCCA19C63} = {DD36E152-ABCA-4F1F-863D-216C29D3304F}
		{D1159A49-0DE6-49C4-98C7-174F4071FFD8} = {CF0A1114-96BA-4A63-ABED-A4EC44F01067}
	EndGlobalSection
EndGlobal
